
Microsoft Visual Studio Solution File, Format Version 12.00
Project("{FAE04EC0-301F-11D3-BF4B-00C04F79EFBC}") = "HideDetailsMod", "HideDetailsMod.csproj", "{A99E6DF4-9917-4B60-834E-5604E5513320}"
EndProject
Global
	GlobalSection(SolutionConfigurationPlatforms) = preSolution
		Debug|Any CPU = Debug|Any CPU
		ExportDebug|Any CPU = ExportDebug|Any CPU
		ExportRelease|Any CPU = ExportRelease|Any CPU
	EndGlobalSection
	GlobalSection(ProjectConfigurationPlatforms) = postSolution
		{A99E6DF4-9917-4B60-834E-5604E5513320}.Debug|Any CPU.ActiveCfg = Debug|Any CPU
		{A99E6DF4-9917-4B60-834E-5604E5513320}.Debug|Any CPU.Build.0 = Debug|Any CPU
		{A99E6DF4-9917-4B60-834E-5604E5513320}.ExportDebug|Any CPU.ActiveCfg = ExportDebug|Any CPU
		{A99E6DF4-9917-4B60-834E-5604E5513320}.ExportDebug|Any CPU.Build.0 = ExportDebug|Any CPU
		{A99E6DF4-9917-4B60-834E-5604E5513320}.ExportRelease|Any CPU.ActiveCfg = ExportRelease|Any CPU
		{A99E6DF4-9917-4B60-834E-5604E5513320}.ExportRelease|Any CPU.Build.0 = ExportRelease|Any CPU
	EndGlobalSection
EndGlobal
